
Microsoft Visual Studio Solution File, Format Version 12.00
# Visual Studio 14
VisualStudioVersion = 14.0.23107.0
MinimumVisualStudioVersion = 10.0.40219.1
Project("{FAE04EC0-301F-11D3-BF4B-00C04F79EFBC}") = "SqlQRunner", "SqlQRunner\SqlQRunner.csproj", "{16BC38F9-0717-4AE9-831C-69A7559AF673}"
EndProject
Project("{FAE04EC0-301F-11D3-BF4B-00C04F79EFBC}") = "QueryGenerationEngine", "QueryGenerationEngine\QueryGenerationEngine.csproj", "{61B1786F-E76C-49B7-9AAB-59F7B65170B5}"
EndProject
Project("{FAE04EC0-301F-11D3-BF4B-00C04F79EFBC}") = "QueryGenerationEngine.Test", "QueryGenerationEngine.Test\QueryGenerationEngine.Test.csproj", "{0A9EB58B-C42A-4E71-8137-FE9CFCD0A289}"
EndProject
Global
	GlobalSection(SolutionConfigurationPlatforms) = preSolution
		Debug|Any CPU = Debug|Any CPU
		Release|Any CPU = Release|Any CPU
	EndGlobalSection
	GlobalSection(ProjectConfigurationPlatforms) = postSolution
		{16BC38F9-0717-4AE9-831C-69A7559AF673}.Debug|Any CPU.ActiveCfg = Debug|Any CPU
		{16BC38F9-0717-4AE9-831C-69A7559AF673}.Debug|Any CPU.Build.0 = Debug|Any CPU
		{16BC38F9-0717-4AE9-831C-69A7559AF673}.Release|Any CPU.ActiveCfg = Release|Any CPU
		{16BC38F9-0717-4AE9-831C-69A7559AF673}.Release|Any CPU.Build.0 = Release|Any CPU
		{61B1786F-E76C-49B7-9AAB-59F7B65170B5}.Debug|Any CPU.ActiveCfg = Debug|Any CPU
		{61B1786F-E76C-49B7-9AAB-59F7B65170B5}.Debug|Any CPU.Build.0 = Debug|Any CPU
		{61B1786F-E76C-49B7-9AAB-59F7B65170B5}.Release|Any CPU.ActiveCfg = Release|Any CPU
		{61B1786F-E76C-49B7-9AAB-59F7B65170B5}.Release|Any CPU.Build.0 = Release|Any CPU
		{0A9EB58B-C42A-4E71-8137-FE9CFCD0A289}.Debug|Any CPU.ActiveCfg = Debug|Any CPU
		{0A9EB58B-C42A-4E71-8137-FE9CFCD0A289}.Debug|Any CPU.Build.0 = Debug|Any CPU
		{0A9EB58B-C42A-4E71-8137-FE9CFCD0A289}.Release|Any CPU.ActiveCfg = Release|Any CPU
		{0A9EB58B-C42A-4E71-8137-FE9CFCD0A289}.Release|Any CPU.Build.0 = Release|Any CPU
	EndGlobalSection
	GlobalSection(SolutionProperties) = preSolution
		HideSolutionNode = FALSE
	EndGlobalSection
EndGlobal
